
Microsoft Visual Studio Solution File, Format Version 12.00
# Visual Studio Version 17
VisualStudioVersion = 17.12.35527.113 d17.12
MinimumVisualStudioVersion = 10.0.40219.1
Project("{FAE04EC0-301F-11D3-BF4B-00C04F79EFBC}") = "Yourttoo.DTOs", "Yourttoo.DTOs\Yourttoo.DTOs.csproj", "{4DB50FF3-8092-4584-8A7F-367F3D44E235}"
EndProject
Project("{FAE04EC0-301F-11D3-BF4B-00C04F79EFBC}") = "Yourttoo.Api", "Yourttoo.Api\Yourttoo.Api.csproj", "{619A6684-1E0B-42EA-B326-283894936208}"
EndProject
Global
	GlobalSection(SolutionConfigurationPlatforms) = preSolution
		Debug|Any CPU = Debug|Any CPU
		Release|Any CPU = Release|Any CPU
	EndGlobalSection
	GlobalSection(ProjectConfigurationPlatforms) = postSolution
		{4DB50FF3-8092-4584-8A7F-367F3D44E235}.Debug|Any CPU.ActiveCfg = Debug|Any CPU
		{4DB50FF3-8092-4584-8A7F-367F3D44E235}.Debug|Any CPU.Build.0 = Debug|Any CPU
		{4DB50FF3-8092-4584-8A7F-367F3D44E235}.Release|Any CPU.ActiveCfg = Release|Any CPU
		{4DB50FF3-8092-4584-8A7F-367F3D44E235}.Release|Any CPU.Build.0 = Release|Any CPU
		{619A6684-1E0B-42EA-B326-283894936208}.Debug|Any CPU.ActiveCfg = Debug|Any CPU
		{619A6684-1E0B-42EA-B326-283894936208}.Debug|Any CPU.Build.0 = Debug|Any CPU
		{619A6684-1E0B-42EA-B326-283894936208}.Release|Any CPU.ActiveCfg = Release|Any CPU
		{619A6684-1E0B-42EA-B326-283894936208}.Release|Any CPU.Build.0 = Release|Any CPU
	EndGlobalSection
	GlobalSection(SolutionProperties) = preSolution
		HideSolutionNode = FALSE
	EndGlobalSection
EndGlobal
